
Microsoft Visual Studio Solution File, Format Version 12.00
# Visual Studio Version 17
VisualStudioVersion = 17.0.32112.339
MinimumVisualStudioVersion = 10.0.40219.1
Project("{9A19103F-16F7-4668-BE54-9A1E7A4F7556}") = "GeoJSONAPI", "HkMapRegionAPI\GeoJSONAPI.csproj", "{1779CC5F-4B6C-4F26-915C-9E146B78928B}"
EndProject
Global
	GlobalSection(SolutionConfigurationPlatforms) = preSolution
		Debug|Any CPU = Debug|Any CPU
		Release|Any CPU = Release|Any CPU
	EndGlobalSection
	GlobalSection(ProjectConfigurationPlatforms) = postSolution
		{1779CC5F-4B6C-4F26-915C-9E146B78928B}.Debug|Any CPU.ActiveCfg = Debug|Any CPU
		{1779CC5F-4B6C-4F26-915C-9E146B78928B}.Debug|Any CPU.Build.0 = Debug|Any CPU
		{1779CC5F-4B6C-4F26-915C-9E146B78928B}.Release|Any CPU.ActiveCfg = Release|Any CPU
		{1779CC5F-4B6C-4F26-915C-9E146B78928B}.Release|Any CPU.Build.0 = Release|Any CPU
	EndGlobalSection
	GlobalSection(SolutionProperties) = preSolution
		HideSolutionNode = FALSE
	EndGlobalSection
	GlobalSection(ExtensibilityGlobals) = postSolution
		SolutionGuid = {0FA2B889-307D-4D1E-8127-3A5144B14A67}
	EndGlobalSection
EndGlobal
